// !$*UTF8*$!
{
	archiveVersion = 1;
	classes = {
	};
	objectVersion = 56;
	objects = {

/* Begin PBXBuildFile section */
		4841E29E2A144DF70074CC0B /* ContentViewModel.swift in Sources */ = {isa = PBXBuildFile; fileRef = 4841E29D2A144DF70074CC0B /* ContentViewModel.swift */; };
		4882DCE42A11CCD6000E8882 /* TippyApp.swift in Sources */ = {isa = PBXBuildFile; fileRef = 4882DCE32A11CCD6000E8882 /* TippyApp.swift */; };
		4882DCE62A11CCD6000E8882 /* ContentView.swift in Sources */ = {isa = PBXBuildFile; fileRef = 4882DCE52A11CCD6000E8882 /* ContentView.swift */; };
		4882DCE82A11CCD7000E8882 /* Assets.xcassets in Resources */ = {isa = PBXBuildFile; fileRef = 4882DCE72A11CCD7000E8882 /* Assets.xcassets */; };
		4882DCEB2A11CCD7000E8882 /* Preview Assets.xcassets in Resources */ = {isa = PBXBuildFile; fileRef = 4882DCEA2A11CCD7000E8882 /* Preview Assets.xcassets */; };
		4882DCF52A11CCD8000E8882 /* TippyTests.swift in Sources */ = {isa = PBXBuildFile; fileRef = 4882DCF42A11CCD8000E8882 /* TippyTests.swift */; };
		4882DCFF2A11CCD8000E8882 /* TippyUITests.swift in Sources */ = {isa = PBXBuildFile; fileRef = 4882DCFE2A11CCD8000E8882 /* TippyUITests.swift */; };
		4882DD012A11CCD8000E8882 /* TippyUITestsLaunchTests.swift in Sources */ = {isa = PBXBuildFile; fileRef = 4882DD002A11CCD8000E8882 /* TippyUITestsLaunchTests.swift */; };
		48BA30142A3281A500FAFC1C /* SavedView.swift in Sources */ = {isa = PBXBuildFile; fileRef = 48BA30132A3281A500FAFC1C /* SavedView.swift */; };
		48D6251E2A1C673C00825A66 /* LaunchScreen.storyboard in Resources */ = {isa = PBXBuildFile; fileRef = 48D6251D2A1C673C00825A66 /* LaunchScreen.storyboard */; };
		48DE4E2A2A36E17B00BB3E98 /* SavedTip.xcdatamodeld in Sources */ = {isa = PBXBuildFile; fileRef = 48DE4E282A36E17B00BB3E98 /* SavedTip.xcdatamodeld */; };
		48DE4E2D2A36E20200BB3E98 /* SavedTip+CoreDataClass.swift in Sources */ = {isa = PBXBuildFile; fileRef = 48DE4E2B2A36E20200BB3E98 /* SavedTip+CoreDataClass.swift */; };
		48DE4E2E2A36E20200BB3E98 /* SavedTip+CoreDataProperties.swift in Sources */ = {isa = PBXBuildFile; fileRef = 48DE4E2C2A36E20200BB3E98 /* SavedTip+CoreDataProperties.swift */; };
		48DE4E322A36E4B400BB3E98 /* DataManager.swift in Sources */ = {isa = PBXBuildFile; fileRef = 48DE4E312A36E4B400BB3E98 /* DataManager.swift */; };
/* End PBXBuildFile section */

/* Begin PBXContainerItemProxy section */
		4882DCF12A11CCD8000E8882 /* PBXContainerItemProxy */ = {
			isa = PBXContainerItemProxy;
			containerPortal = 4882DCD82A11CCD6000E8882 /* Project object */;
			proxyType = 1;
			remoteGlobalIDString = 4882DCDF2A11CCD6000E8882;
			remoteInfo = Tippy;
		};
		4882DCFB2A11CCD8000E8882 /* PBXContainerItemProxy */ = {
			isa = PBXContainerItemProxy;
			containerPortal = 4882DCD82A11CCD6000E8882 /* Project object */;
			proxyType = 1;
			remoteGlobalIDString = 4882DCDF2A11CCD6000E8882;
			remoteInfo = Tippy;
		};
		48CDC7072A1EA93E000EFCB1 /* PBXContainerItemProxy */ = {
			isa = PBXContainerItemProxy;
			containerPortal = 4882DCD82A11CCD6000E8882 /* Project object */;
			proxyType = 1;
			remoteGlobalIDString = 4882DCDF2A11CCD6000E8882;
			remoteInfo = Tippy;
		};
		48CDC7182A1ECBAC000EFCB1 /* PBXContainerItemProxy */ = {
			isa = PBXContainerItemProxy;
			containerPortal = 4882DCD82A11CCD6000E8882 /* Project object */;
			proxyType = 1;
			remoteGlobalIDString = 4882DCDF2A11CCD6000E8882;
			remoteInfo = Tippy;
		};
/* End PBXContainerItemProxy section */

/* Begin PBXFileReference section */
		4841E29D2A144DF70074CC0B /* ContentViewModel.swift */ = {isa = PBXFileReference; lastKnownFileType = sourcecode.swift; path = ContentViewModel.swift; sourceTree = "<group>"; };
		4841E29F2A145CBB0074CC0B /* Tippy.xctestplan */ = {isa = PBXFileReference; lastKnownFileType = text; path = Tippy.xctestplan; sourceTree = "<group>"; };
		4882DCE02A11CCD6000E8882 /* Tippy.app */ = {isa = PBXFileReference; explicitFileType = wrapper.application; includeInIndex = 0; path = Tippy.app; sourceTree = BUILT_PRODUCTS_DIR; };
		4882DCE32A11CCD6000E8882 /* TippyApp.swift */ = {isa = PBXFileReference; lastKnownFileType = sourcecode.swift; path = TippyApp.swift; sourceTree = "<group>"; };
		4882DCE52A11CCD6000E8882 /* ContentView.swift */ = {isa = PBXFileReference; lastKnownFileType = sourcecode.swift; path = ContentView.swift; sourceTree = "<group>"; };
		4882DCE72A11CCD7000E8882 /* Assets.xcassets */ = {isa = PBXFileReference; lastKnownFileType = folder.assetcatalog; path = Assets.xcassets; sourceTree = "<group>"; };
		4882DCEA2A11CCD7000E8882 /* Preview Assets.xcassets */ = {isa = PBXFileReference; lastKnownFileType = folder.assetcatalog; path = "Preview Assets.xcassets"; sourceTree = "<group>"; };
		4882DCF02A11CCD8000E8882 /* TippyTests.xctest */ = {isa = PBXFileReference; explicitFileType = wrapper.cfbundle; includeInIndex = 0; path = TippyTests.xctest; sourceTree = BUILT_PRODUCTS_DIR; };
		4882DCF42A11CCD8000E8882 /* TippyTests.swift */ = {isa = PBXFileReference; lastKnownFileType = sourcecode.swift; path = TippyTests.swift; sourceTree = "<group>"; };
		4882DCFA2A11CCD8000E8882 /* TippyUITests.xctest */ = {isa = PBXFileReference; explicitFileType = wrapper.cfbundle; includeInIndex = 0; path = TippyUITests.xctest; sourceTree = BUILT_PRODUCTS_DIR; };
		4882DCFE2A11CCD8000E8882 /* TippyUITests.swift */ = {isa = PBXFileReference; lastKnownFileType = sourcecode.swift; path = TippyUITests.swift; sourceTree = "<group>"; };
		4882DD002A11CCD8000E8882 /* TippyUITestsLaunchTests.swift */ = {isa = PBXFileReference; lastKnownFileType = sourcecode.swift; path = TippyUITestsLaunchTests.swift; sourceTree = "<group>"; };
		48BA30132A3281A500FAFC1C /* SavedView.swift */ = {isa = PBXFileReference; lastKnownFileType = sourcecode.swift; path = SavedView.swift; sourceTree = "<group>"; };
		48CDC7012A1EA93E000EFCB1 /* Screenshots.xctest */ = {isa = PBXFileReference; explicitFileType = wrapper.cfbundle; includeInIndex = 0; path = Screenshots.xctest; sourceTree = BUILT_PRODUCTS_DIR; };
		48CDC7122A1ECBAC000EFCB1 /* TippyScreenshots.xctest */ = {isa = PBXFileReference; explicitFileType = wrapper.cfbundle; includeInIndex = 0; path = TippyScreenshots.xctest; sourceTree = BUILT_PRODUCTS_DIR; };
		48D6251D2A1C673C00825A66 /* LaunchScreen.storyboard */ = {isa = PBXFileReference; lastKnownFileType = file.storyboard; path = LaunchScreen.storyboard; sourceTree = "<group>"; };
		48D6251F2A1C689200825A66 /* Info.plist */ = {isa = PBXFileReference; lastKnownFileType = text.plist; path = Info.plist; sourceTree = "<group>"; };
		48DE4E292A36E17B00BB3E98 /* SavedTip.xcdatamodel */ = {isa = PBXFileReference; lastKnownFileType = wrapper.xcdatamodel; path = SavedTip.xcdatamodel; sourceTree = "<group>"; };
		48DE4E2B2A36E20200BB3E98 /* SavedTip+CoreDataClass.swift */ = {isa = PBXFileReference; lastKnownFileType = sourcecode.swift; path = "SavedTip+CoreDataClass.swift"; sourceTree = "<group>"; };
		48DE4E2C2A36E20200BB3E98 /* SavedTip+CoreDataProperties.swift */ = {isa = PBXFileReference; lastKnownFileType = sourcecode.swift; path = "SavedTip+CoreDataProperties.swift"; sourceTree = "<group>"; };
		48DE4E312A36E4B400BB3E98 /* DataManager.swift */ = {isa = PBXFileReference; lastKnownFileType = sourcecode.swift; path = DataManager.swift; sourceTree = "<group>"; };
/* End PBXFileReference section */

/* Begin PBXFrameworksBuildPhase section */
		4882DCDD2A11CCD6000E8882 /* Frameworks */ = {
			isa = PBXFrameworksBuildPhase;
			buildActionMask = 2147483647;
			files = (
			);
			runOnlyForDeploymentPostprocessing = 0;
		};
		4882DCED2A11CCD8000E8882 /* Frameworks */ = {
			isa = PBXFrameworksBuildPhase;
			buildActionMask = 2147483647;
			files = (
			);
			runOnlyForDeploymentPostprocessing = 0;
		};
		4882DCF72A11CCD8000E8882 /* Frameworks */ = {
			isa = PBXFrameworksBuildPhase;
			buildActionMask = 2147483647;
			files = (
			);
			runOnlyForDeploymentPostprocessing = 0;
		};
		48CDC6FE2A1EA93E000EFCB1 /* Frameworks */ = {
			isa = PBXFrameworksBuildPhase;
			buildActionMask = 2147483647;
			files = (
			);
			runOnlyForDeploymentPostprocessing = 0;
		};
		48CDC70F2A1ECBAC000EFCB1 /* Frameworks */ = {
			isa = PBXFrameworksBuildPhase;
			buildActionMask = 2147483647;
			files = (
			);
			runOnlyForDeploymentPostprocessing = 0;
		};
/* End PBXFrameworksBuildPhase section */

/* Begin PBXGroup section */
		4882DCD72A11CCD6000E8882 = {
			isa = PBXGroup;
			children = (
				48DE4E2B2A36E20200BB3E98 /* SavedTip+CoreDataClass.swift */,
				48DE4E2C2A36E20200BB3E98 /* SavedTip+CoreDataProperties.swift */,
				4841E29F2A145CBB0074CC0B /* Tippy.xctestplan */,
				4882DCE22A11CCD6000E8882 /* Tippy */,
				4882DCF32A11CCD8000E8882 /* TippyTests */,
				4882DCFD2A11CCD8000E8882 /* TippyUITests */,
				4882DCE12A11CCD6000E8882 /* Products */,
			);
			sourceTree = "<group>";
		};
		4882DCE12A11CCD6000E8882 /* Products */ = {
			isa = PBXGroup;
			children = (
				4882DCE02A11CCD6000E8882 /* Tippy.app */,
				4882DCF02A11CCD8000E8882 /* TippyTests.xctest */,
				4882DCFA2A11CCD8000E8882 /* TippyUITests.xctest */,
				48CDC7012A1EA93E000EFCB1 /* Screenshots.xctest */,
				48CDC7122A1ECBAC000EFCB1 /* TippyScreenshots.xctest */,
			);
			name = Products;
			sourceTree = "<group>";
		};
		4882DCE22A11CCD6000E8882 /* Tippy */ = {
			isa = PBXGroup;
			children = (
				48D6251F2A1C689200825A66 /* Info.plist */,
				4882DCE72A11CCD7000E8882 /* Assets.xcassets */,
				48D6251D2A1C673C00825A66 /* LaunchScreen.storyboard */,
				48DE4E332A38347800BB3E98 /* Models */,
				48DE4E342A38349800BB3E98 /* Views */,
				48DE4E352A3834A200BB3E98 /* View Models */,
				4882DCE92A11CCD7000E8882 /* Preview Content */,
			);
			path = Tippy;
			sourceTree = "<group>";
		};
		4882DCE92A11CCD7000E8882 /* Preview Content */ = {
			isa = PBXGroup;
			children = (
				4882DCEA2A11CCD7000E8882 /* Preview Assets.xcassets */,
			);
			path = "Preview Content";
			sourceTree = "<group>";
		};
		4882DCF32A11CCD8000E8882 /* TippyTests */ = {
			isa = PBXGroup;
			children = (
				4882DCF42A11CCD8000E8882 /* TippyTests.swift */,
			);
			path = TippyTests;
			sourceTree = "<group>";
		};
		4882DCFD2A11CCD8000E8882 /* TippyUITests */ = {
			isa = PBXGroup;
			children = (
				4882DCFE2A11CCD8000E8882 /* TippyUITests.swift */,
				4882DD002A11CCD8000E8882 /* TippyUITestsLaunchTests.swift */,
			);
			path = TippyUITests;
			sourceTree = "<group>";
		};
		48DE4E332A38347800BB3E98 /* Models */ = {
			isa = PBXGroup;
			children = (
				48DE4E282A36E17B00BB3E98 /* SavedTip.xcdatamodeld */,
				48DE4E312A36E4B400BB3E98 /* DataManager.swift */,
			);
			path = Models;
			sourceTree = "<group>";
		};
		48DE4E342A38349800BB3E98 /* Views */ = {
			isa = PBXGroup;
			children = (
				4882DCE32A11CCD6000E8882 /* TippyApp.swift */,
				4882DCE52A11CCD6000E8882 /* ContentView.swift */,
				48BA30132A3281A500FAFC1C /* SavedView.swift */,
			);
			path = Views;
			sourceTree = "<group>";
		};
		48DE4E352A3834A200BB3E98 /* View Models */ = {
			isa = PBXGroup;
			children = (
				4841E29D2A144DF70074CC0B /* ContentViewModel.swift */,
			);
			path = "View Models";
			sourceTree = "<group>";
		};
/* End PBXGroup section */

/* Begin PBXNativeTarget section */
		4882DCDF2A11CCD6000E8882 /* Tippy */ = {
			isa = PBXNativeTarget;
			buildConfigurationList = 4882DD042A11CCD8000E8882 /* Build configuration list for PBXNativeTarget "Tippy" */;
			buildPhases = (
				4882DCDC2A11CCD6000E8882 /* Sources */,
				4882DCDD2A11CCD6000E8882 /* Frameworks */,
				4882DCDE2A11CCD6000E8882 /* Resources */,
			);
			buildRules = (
			);
			dependencies = (
			);
			name = Tippy;
			productName = Tippy;
			productReference = 4882DCE02A11CCD6000E8882 /* Tippy.app */;
			productType = "com.apple.product-type.application";
		};
		4882DCEF2A11CCD8000E8882 /* TippyTests */ = {
			isa = PBXNativeTarget;
			buildConfigurationList = 4882DD072A11CCD8000E8882 /* Build configuration list for PBXNativeTarget "TippyTests" */;
			buildPhases = (
				4882DCEC2A11CCD8000E8882 /* Sources */,
				4882DCED2A11CCD8000E8882 /* Frameworks */,
				4882DCEE2A11CCD8000E8882 /* Resources */,
			);
			buildRules = (
			);
			dependencies = (
				4882DCF22A11CCD8000E8882 /* PBXTargetDependency */,
			);
			name = TippyTests;
			productName = TippyTests;
			productReference = 4882DCF02A11CCD8000E8882 /* TippyTests.xctest */;
			productType = "com.apple.product-type.bundle.unit-test";
		};
		4882DCF92A11CCD8000E8882 /* TippyUITests */ = {
			isa = PBXNativeTarget;
			buildConfigurationList = 4882DD0A2A11CCD8000E8882 /* Build configuration list for PBXNativeTarget "TippyUITests" */;
			buildPhases = (
				4882DCF62A11CCD8000E8882 /* Sources */,
				4882DCF72A11CCD8000E8882 /* Frameworks */,
				4882DCF82A11CCD8000E8882 /* Resources */,
			);
			buildRules = (
			);
			dependencies = (
				4882DCFC2A11CCD8000E8882 /* PBXTargetDependency */,
			);
			name = TippyUITests;
			productName = TippyUITests;
			productReference = 4882DCFA2A11CCD8000E8882 /* TippyUITests.xctest */;
			productType = "com.apple.product-type.bundle.ui-testing";
		};
		48CDC7002A1EA93E000EFCB1 /* Screenshots */ = {
			isa = PBXNativeTarget;
			buildConfigurationList = 48CDC70B2A1EA93E000EFCB1 /* Build configuration list for PBXNativeTarget "Screenshots" */;
			buildPhases = (
				48CDC6FD2A1EA93E000EFCB1 /* Sources */,
				48CDC6FE2A1EA93E000EFCB1 /* Frameworks */,
				48CDC6FF2A1EA93E000EFCB1 /* Resources */,
			);
			buildRules = (
			);
			dependencies = (
				48CDC7082A1EA93E000EFCB1 /* PBXTargetDependency */,
			);
			name = Screenshots;
			productName = Screenshots;
			productReference = 48CDC7012A1EA93E000EFCB1 /* Screenshots.xctest */;
			productType = "com.apple.product-type.bundle.ui-testing";
		};
		48CDC7112A1ECBAC000EFCB1 /* TippyScreenshots */ = {
			isa = PBXNativeTarget;
			buildConfigurationList = 48CDC71C2A1ECBAC000EFCB1 /* Build configuration list for PBXNativeTarget "TippyScreenshots" */;
			buildPhases = (
				48CDC70E2A1ECBAC000EFCB1 /* Sources */,
				48CDC70F2A1ECBAC000EFCB1 /* Frameworks */,
				48CDC7102A1ECBAC000EFCB1 /* Resources */,
			);
			buildRules = (
			);
			dependencies = (
				48CDC7192A1ECBAC000EFCB1 /* PBXTargetDependency */,
			);
			name = TippyScreenshots;
			productName = TippyScreenshots;
			productReference = 48CDC7122A1ECBAC000EFCB1 /* TippyScreenshots.xctest */;
			productType = "com.apple.product-type.bundle.ui-testing";
		};
/* End PBXNativeTarget section */

/* Begin PBXProject section */
		4882DCD82A11CCD6000E8882 /* Project object */ = {
			isa = PBXProject;
			attributes = {
				BuildIndependentTargetsInParallel = 1;
				LastSwiftUpdateCheck = 1430;
				LastUpgradeCheck = 1430;
				TargetAttributes = {
					4882DCDF2A11CCD6000E8882 = {
						CreatedOnToolsVersion = 14.3;
					};
					4882DCEF2A11CCD8000E8882 = {
						CreatedOnToolsVersion = 14.3;
						TestTargetID = 4882DCDF2A11CCD6000E8882;
					};
					4882DCF92A11CCD8000E8882 = {
						CreatedOnToolsVersion = 14.3;
						TestTargetID = 4882DCDF2A11CCD6000E8882;
					};
					48CDC7002A1EA93E000EFCB1 = {
						CreatedOnToolsVersion = 14.3;
						TestTargetID = 4882DCDF2A11CCD6000E8882;
					};
					48CDC7112A1ECBAC000EFCB1 = {
						CreatedOnToolsVersion = 14.3;
						TestTargetID = 4882DCDF2A11CCD6000E8882;
					};
				};
			};
			buildConfigurationList = 4882DCDB2A11CCD6000E8882 /* Build configuration list for PBXProject "Tippy" */;
			compatibilityVersion = "Xcode 14.0";
			developmentRegion = en;
			hasScannedForEncodings = 0;
			knownRegions = (
				en,
				Base,
			);
			mainGroup = 4882DCD72A11CCD6000E8882;
			productRefGroup = 4882DCE12A11CCD6000E8882 /* Products */;
			projectDirPath = "";
			projectRoot = "";
			targets = (
				4882DCDF2A11CCD6000E8882 /* Tippy */,
				4882DCEF2A11CCD8000E8882 /* TippyTests */,
				4882DCF92A11CCD8000E8882 /* TippyUITests */,
				48CDC7002A1EA93E000EFCB1 /* Screenshots */,
				48CDC7112A1ECBAC000EFCB1 /* TippyScreenshots */,
			);
		};
/* End PBXProject section */

/* Begin PBXResourcesBuildPhase section */
		4882DCDE2A11CCD6000E8882 /* Resources */ = {
			isa = PBXResourcesBuildPhase;
			buildActionMask = 2147483647;
			files = (
				48D6251E2A1C673C00825A66 /* LaunchScreen.storyboard in Resources */,
				4882DCEB2A11CCD7000E8882 /* Preview Assets.xcassets in Resources */,
				4882DCE82A11CCD7000E8882 /* Assets.xcassets in Resources */,
			);
			runOnlyForDeploymentPostprocessing = 0;
		};
		4882DCEE2A11CCD8000E8882 /* Resources */ = {
			isa = PBXResourcesBuildPhase;
			buildActionMask = 2147483647;
			files = (
			);
			runOnlyForDeploymentPostprocessing = 0;
		};
		4882DCF82A11CCD8000E8882 /* Resources */ = {
			isa = PBXResourcesBuildPhase;
			buildActionMask = 2147483647;
			files = (
			);
			runOnlyForDeploymentPostprocessing = 0;
		};
		48CDC6FF2A1EA93E000EFCB1 /* Resources */ = {
			isa = PBXResourcesBuildPhase;
			buildActionMask = 2147483647;
			files = (
			);
			runOnlyForDeploymentPostprocessing = 0;
		};
		48CDC7102A1ECBAC000EFCB1 /* Resources */ = {
			isa = PBXResourcesBuildPhase;
			buildActionMask = 2147483647;
			files = (
			);
			runOnlyForDeploymentPostprocessing = 0;
		};
/* End PBXResourcesBuildPhase section */

/* Begin PBXSourcesBuildPhase section */
		4882DCDC2A11CCD6000E8882 /* Sources */ = {
			isa = PBXSourcesBuildPhase;
			buildActionMask = 2147483647;
			files = (
				4882DCE62A11CCD6000E8882 /* ContentView.swift in Sources */,
				48DE4E322A36E4B400BB3E98 /* DataManager.swift in Sources */,
				48DE4E2A2A36E17B00BB3E98 /* SavedTip.xcdatamodeld in Sources */,
				48BA30142A3281A500FAFC1C /* SavedView.swift in Sources */,
				4882DCE42A11CCD6000E8882 /* TippyApp.swift in Sources */,
				48DE4E2E2A36E20200BB3E98 /* SavedTip+CoreDataProperties.swift in Sources */,
				48DE4E2D2A36E20200BB3E98 /* SavedTip+CoreDataClass.swift in Sources */,
				4841E29E2A144DF70074CC0B /* ContentViewModel.swift in Sources */,
			);
			runOnlyForDeploymentPostprocessing = 0;
		};
		4882DCEC2A11CCD8000E8882 /* Sources */ = {
			isa = PBXSourcesBuildPhase;
			buildActionMask = 2147483647;
			files = (
				4882DCF52A11CCD8000E8882 /* TippyTests.swift in Sources */,
			);
			runOnlyForDeploymentPostprocessing = 0;
		};
		4882DCF62A11CCD8000E8882 /* Sources */ = {
			isa = PBXSourcesBuildPhase;
			buildActionMask = 2147483647;
			files = (
				4882DCFF2A11CCD8000E8882 /* TippyUITests.swift in Sources */,
				4882DD012A11CCD8000E8882 /* TippyUITestsLaunchTests.swift in Sources */,
			);
			runOnlyForDeploymentPostprocessing = 0;
		};
		48CDC6FD2A1EA93E000EFCB1 /* Sources */ = {
			isa = PBXSourcesBuildPhase;
			buildActionMask = 2147483647;
			files = (
			);
			runOnlyForDeploymentPostprocessing = 0;
		};
		48CDC70E2A1ECBAC000EFCB1 /* Sources */ = {
			isa = PBXSourcesBuildPhase;
			buildActionMask = 2147483647;
			files = (
			);
			runOnlyForDeploymentPostprocessing = 0;
		};
/* End PBXSourcesBuildPhase section */

/* Begin PBXTargetDependency section */
		4882DCF22A11CCD8000E8882 /* PBXTargetDependency */ = {
			isa = PBXTargetDependency;
			target = 4882DCDF2A11CCD6000E8882 /* Tippy */;
			targetProxy = 4882DCF12A11CCD8000E8882 /* PBXContainerItemProxy */;
		};
		4882DCFC2A11CCD8000E8882 /* PBXTargetDependency */ = {
			isa = PBXTargetDependency;
			target = 4882DCDF2A11CCD6000E8882 /* Tippy */;
			targetProxy = 4882DCFB2A11CCD8000E8882 /* PBXContainerItemProxy */;
		};
		48CDC7082A1EA93E000EFCB1 /* PBXTargetDependency */ = {
			isa = PBXTargetDependency;
			target = 4882DCDF2A11CCD6000E8882 /* Tippy */;
			targetProxy = 48CDC7072A1EA93E000EFCB1 /* PBXContainerItemProxy */;
		};
		48CDC7192A1ECBAC000EFCB1 /* PBXTargetDependency */ = {
			isa = PBXTargetDependency;
			target = 4882DCDF2A11CCD6000E8882 /* Tippy */;
			targetProxy = 48CDC7182A1ECBAC000EFCB1 /* PBXContainerItemProxy */;
		};
/* End PBXTargetDependency section */

/* Begin XCBuildConfiguration section */
		4882DD022A11CCD8000E8882 /* Debug */ = {
			isa = XCBuildConfiguration;
			buildSettings = {
				ALWAYS_SEARCH_USER_PATHS = NO;
				CLANG_ANALYZER_NONNULL = YES;
				CLANG_ANALYZER_NUMBER_OBJECT_CONVERSION = YES_AGGRESSIVE;
				CLANG_CXX_LANGUAGE_STANDARD = "gnu++20";
				CLANG_ENABLE_MODULES = YES;
				CLANG_ENABLE_OBJC_ARC = YES;
				CLANG_ENABLE_OBJC_WEAK = YES;
				CLANG_WARN_BLOCK_CAPTURE_AUTORELEASING = YES;
				CLANG_WARN_BOOL_CONVERSION = YES;
				CLANG_WARN_COMMA = YES;
				CLANG_WARN_CONSTANT_CONVERSION = YES;
				CLANG_WARN_DEPRECATED_OBJC_IMPLEMENTATIONS = YES;
				CLANG_WARN_DIRECT_OBJC_ISA_USAGE = YES_ERROR;
				CLANG_WARN_DOCUMENTATION_COMMENTS = YES;
				CLANG_WARN_EMPTY_BODY = YES;
				CLANG_WARN_ENUM_CONVERSION = YES;
				CLANG_WARN_INFINITE_RECURSION = YES;
				CLANG_WARN_INT_CONVERSION = YES;
				CLANG_WARN_NON_LITERAL_NULL_CONVERSION = YES;
				CLANG_WARN_OBJC_IMPLICIT_RETAIN_SELF = YES;
				CLANG_WARN_OBJC_LITERAL_CONVERSION = YES;
				CLANG_WARN_OBJC_ROOT_CLASS = YES_ERROR;
				CLANG_WARN_QUOTED_INCLUDE_IN_FRAMEWORK_HEADER = YES;
				CLANG_WARN_RANGE_LOOP_ANALYSIS = YES;
				CLANG_WARN_STRICT_PROTOTYPES = YES;
				CLANG_WARN_SUSPICIOUS_MOVE = YES;
				CLANG_WARN_UNGUARDED_AVAILABILITY = YES_AGGRESSIVE;
				CLANG_WARN_UNREACHABLE_CODE = YES;
				CLANG_WARN__DUPLICATE_METHOD_MATCH = YES;
				COPY_PHASE_STRIP = NO;
				DEBUG_INFORMATION_FORMAT = dwarf;
				ENABLE_STRICT_OBJC_MSGSEND = YES;
				ENABLE_TESTABILITY = YES;
				GCC_C_LANGUAGE_STANDARD = gnu11;
				GCC_DYNAMIC_NO_PIC = NO;
				GCC_NO_COMMON_BLOCKS = YES;
				GCC_OPTIMIZATION_LEVEL = 0;
				GCC_PREPROCESSOR_DEFINITIONS = (
					"DEBUG=1",
					"$(inherited)",
				);
				GCC_WARN_64_TO_32_BIT_CONVERSION = YES;
				GCC_WARN_ABOUT_RETURN_TYPE = YES_ERROR;
				GCC_WARN_UNDECLARED_SELECTOR = YES;
				GCC_WARN_UNINITIALIZED_AUTOS = YES_AGGRESSIVE;
				GCC_WARN_UNUSED_FUNCTION = YES;
				GCC_WARN_UNUSED_VARIABLE = YES;
				IPHONEOS_DEPLOYMENT_TARGET = 16.1;
				MTL_ENABLE_DEBUG_INFO = INCLUDE_SOURCE;
				MTL_FAST_MATH = YES;
				ONLY_ACTIVE_ARCH = YES;
				SDKROOT = iphoneos;
				SWIFT_ACTIVE_COMPILATION_CONDITIONS = DEBUG;
				SWIFT_OPTIMIZATION_LEVEL = "-Onone";
			};
			name = Debug;
		};
		4882DD032A11CCD8000E8882 /* Release */ = {
			isa = XCBuildConfiguration;
			buildSettings = {
				ALWAYS_SEARCH_USER_PATHS = NO;
				CLANG_ANALYZER_NONNULL = YES;
				CLANG_ANALYZER_NUMBER_OBJECT_CONVERSION = YES_AGGRESSIVE;
				CLANG_CXX_LANGUAGE_STANDARD = "gnu++20";
				CLANG_ENABLE_MODULES = YES;
				CLANG_ENABLE_OBJC_ARC = YES;
				CLANG_ENABLE_OBJC_WEAK = YES;
				CLANG_WARN_BLOCK_CAPTURE_AUTORELEASING = YES;
				CLANG_WARN_BOOL_CONVERSION = YES;
				CLANG_WARN_COMMA = YES;
				CLANG_WARN_CONSTANT_CONVERSION = YES;
				CLANG_WARN_DEPRECATED_OBJC_IMPLEMENTATIONS = YES;
				CLANG_WARN_DIRECT_OBJC_ISA_USAGE = YES_ERROR;
				CLANG_WARN_DOCUMENTATION_COMMENTS = YES;
				CLANG_WARN_EMPTY_BODY = YES;
				CLANG_WARN_ENUM_CONVERSION = YES;
				CLANG_WARN_INFINITE_RECURSION = YES;
				CLANG_WARN_INT_CONVERSION = YES;
				CLANG_WARN_NON_LITERAL_NULL_CONVERSION = YES;
				CLANG_WARN_OBJC_IMPLICIT_RETAIN_SELF = YES;
				CLANG_WARN_OBJC_LITERAL_CONVERSION = YES;
				CLANG_WARN_OBJC_ROOT_CLASS = YES_ERROR;
				CLANG_WARN_QUOTED_INCLUDE_IN_FRAMEWORK_HEADER = YES;
				CLANG_WARN_RANGE_LOOP_ANALYSIS = YES;
				CLANG_WARN_STRICT_PROTOTYPES = YES;
				CLANG_WARN_SUSPICIOUS_MOVE = YES;
				CLANG_WARN_UNGUARDED_AVAILABILITY = YES_AGGRESSIVE;
				CLANG_WARN_UNREACHABLE_CODE = YES;
				CLANG_WARN__DUPLICATE_METHOD_MATCH = YES;
				COPY_PHASE_STRIP = NO;
				DEBUG_INFORMATION_FORMAT = "dwarf-with-dsym";
				ENABLE_NS_ASSERTIONS = NO;
				ENABLE_STRICT_OBJC_MSGSEND = YES;
				GCC_C_LANGUAGE_STANDARD = gnu11;
				GCC_NO_COMMON_BLOCKS = YES;
				GCC_WARN_64_TO_32_BIT_CONVERSION = YES;
				GCC_WARN_ABOUT_RETURN_TYPE = YES_ERROR;
				GCC_WARN_UNDECLARED_SELECTOR = YES;
				GCC_WARN_UNINITIALIZED_AUTOS = YES_AGGRESSIVE;
				GCC_WARN_UNUSED_FUNCTION = YES;
				GCC_WARN_UNUSED_VARIABLE = YES;
				IPHONEOS_DEPLOYMENT_TARGET = 16.1;
				MTL_ENABLE_DEBUG_INFO = NO;
				MTL_FAST_MATH = YES;
				SDKROOT = iphoneos;
				SWIFT_COMPILATION_MODE = wholemodule;
				SWIFT_OPTIMIZATION_LEVEL = "-O";
				VALIDATE_PRODUCT = YES;
			};
			name = Release;
		};
		4882DD052A11CCD8000E8882 /* Debug */ = {
			isa = XCBuildConfiguration;
			buildSettings = {
				ASSETCATALOG_COMPILER_APPICON_NAME = AppIcon;
				ASSETCATALOG_COMPILER_GLOBAL_ACCENT_COLOR_NAME = AccentColor;
				CODE_SIGN_STYLE = Automatic;
				CURRENT_PROJECT_VERSION = 1;
				DEVELOPMENT_ASSET_PATHS = "\"Tippy/Preview Content\"";
				DEVELOPMENT_TEAM = SBCRL8SBBK;
				ENABLE_PREVIEWS = YES;
				GENERATE_INFOPLIST_FILE = YES;
				INFOPLIST_FILE = Tippy/Info.plist;
				INFOPLIST_KEY_CFBundleDisplayName = TipSavvy;
				INFOPLIST_KEY_LSApplicationCategoryType = "public.app-category.utilities";
				INFOPLIST_KEY_UIApplicationSceneManifest_Generation = YES;
				INFOPLIST_KEY_UIApplicationSupportsIndirectInputEvents = YES;
				INFOPLIST_KEY_UILaunchScreen_Generation = YES;
				INFOPLIST_KEY_UILaunchStoryboardName = LaunchScreen.storyboard;
				INFOPLIST_KEY_UIStatusBarStyle = "";
				INFOPLIST_KEY_UISupportedInterfaceOrientations_iPad = "UIInterfaceOrientationPortrait UIInterfaceOrientationPortraitUpsideDown UIInterfaceOrientationLandscapeLeft UIInterfaceOrientationLandscapeRight";
				INFOPLIST_KEY_UISupportedInterfaceOrientations_iPhone = "UIInterfaceOrientationPortrait UIInterfaceOrientationLandscapeLeft UIInterfaceOrientationLandscapeRight";
				IPHONEOS_DEPLOYMENT_TARGET = 16.1;
				LD_RUNPATH_SEARCH_PATHS = (
					"$(inherited)",
					"@executable_path/Frameworks",
				);
				MARKETING_VERSION = 1.0;
				PRODUCT_BUNDLE_IDENTIFIER = kabir.Tippy;
				PRODUCT_NAME = "$(TARGET_NAME)";
				SWIFT_EMIT_LOC_STRINGS = YES;
				SWIFT_VERSION = 5.0;
				TARGETED_DEVICE_FAMILY = "1,2";
			};
			name = Debug;
		};
		4882DD062A11CCD8000E8882 /* Release */ = {
			isa = XCBuildConfiguration;
			buildSettings = {
				ASSETCATALOG_COMPILER_APPICON_NAME = AppIcon;
				ASSETCATALOG_COMPILER_GLOBAL_ACCENT_COLOR_NAME = AccentColor;
				CODE_SIGN_STYLE = Automatic;
				CURRENT_PROJECT_VERSION = 1;
				DEVELOPMENT_ASSET_PATHS = "\"Tippy/Preview Content\"";
				DEVELOPMENT_TEAM = SBCRL8SBBK;
				ENABLE_PREVIEWS = YES;
				GENERATE_INFOPLIST_FILE = YES;
				INFOPLIST_FILE = Tippy/Info.plist;
				INFOPLIST_KEY_CFBundleDisplayName = TipSavvy;
				INFOPLIST_KEY_LSApplicationCategoryType = "public.app-category.utilities";
				INFOPLIST_KEY_UIApplicationSceneManifest_Generation = YES;
				INFOPLIST_KEY_UIApplicationSupportsIndirectInputEvents = YES;
				INFOPLIST_KEY_UILaunchScreen_Generation = YES;
				INFOPLIST_KEY_UILaunchStoryboardName = LaunchScreen.storyboard;
				INFOPLIST_KEY_UIStatusBarStyle = "";
				INFOPLIST_KEY_UISupportedInterfaceOrientations_iPad = "UIInterfaceOrientationPortrait UIInterfaceOrientationPortraitUpsideDown UIInterfaceOrientationLandscapeLeft UIInterfaceOrientationLandscapeRight";
				INFOPLIST_KEY_UISupportedInterfaceOrientations_iPhone = "UIInterfaceOrientationPortrait UIInterfaceOrientationLandscapeLeft UIInterfaceOrientationLandscapeRight";
				IPHONEOS_DEPLOYMENT_TARGET = 16.1;
				LD_RUNPATH_SEARCH_PATHS = (
					"$(inherited)",
					"@executable_path/Frameworks",
				);
				MARKETING_VERSION = 1.0;
				PRODUCT_BUNDLE_IDENTIFIER = kabir.Tippy;
				PRODUCT_NAME = "$(TARGET_NAME)";
				SWIFT_EMIT_LOC_STRINGS = YES;
				SWIFT_VERSION = 5.0;
				TARGETED_DEVICE_FAMILY = "1,2";
			};
			name = Release;
		};
		4882DD082A11CCD8000E8882 /* Debug */ = {
			isa = XCBuildConfiguration;
			buildSettings = {
				ALWAYS_EMBED_SWIFT_STANDARD_LIBRARIES = YES;
				BUNDLE_LOADER = "$(TEST_HOST)";
				CODE_SIGN_STYLE = Automatic;
				CURRENT_PROJECT_VERSION = 1;
				DEVELOPMENT_TEAM = SBCRL8SBBK;
				GENERATE_INFOPLIST_FILE = YES;
				IPHONEOS_DEPLOYMENT_TARGET = 16.4;
				MARKETING_VERSION = 1.0;
				PRODUCT_BUNDLE_IDENTIFIER = kabir.TippyTests;
				PRODUCT_NAME = "$(TARGET_NAME)";
				SWIFT_EMIT_LOC_STRINGS = NO;
				SWIFT_VERSION = 5.0;
				TARGETED_DEVICE_FAMILY = "1,2";
				TEST_HOST = "$(BUILT_PRODUCTS_DIR)/Tippy.app/$(BUNDLE_EXECUTABLE_FOLDER_PATH)/Tippy";
			};
			name = Debug;
		};
		4882DD092A11CCD8000E8882 /* Release */ = {
			isa = XCBuildConfiguration;
			buildSettings = {
				ALWAYS_EMBED_SWIFT_STANDARD_LIBRARIES = YES;
				BUNDLE_LOADER = "$(TEST_HOST)";
				CODE_SIGN_STYLE = Automatic;
				CURRENT_PROJECT_VERSION = 1;
				DEVELOPMENT_TEAM = SBCRL8SBBK;
				GENERATE_INFOPLIST_FILE = YES;
				IPHONEOS_DEPLOYMENT_TARGET = 16.4;
				MARKETING_VERSION = 1.0;
				PRODUCT_BUNDLE_IDENTIFIER = kabir.TippyTests;
				PRODUCT_NAME = "$(TARGET_NAME)";
				SWIFT_EMIT_LOC_STRINGS = NO;
				SWIFT_VERSION = 5.0;
				TARGETED_DEVICE_FAMILY = "1,2";
				TEST_HOST = "$(BUILT_PRODUCTS_DIR)/Tippy.app/$(BUNDLE_EXECUTABLE_FOLDER_PATH)/Tippy";
			};
			name = Release;
		};
		4882DD0B2A11CCD8000E8882 /* Debug */ = {
			isa = XCBuildConfiguration;
			buildSettings = {
				ALWAYS_EMBED_SWIFT_STANDARD_LIBRARIES = YES;
				CODE_SIGN_STYLE = Automatic;
				CURRENT_PROJECT_VERSION = 1;
				DEVELOPMENT_TEAM = SBCRL8SBBK;
				GENERATE_INFOPLIST_FILE = YES;
				MARKETING_VERSION = 1.0;
				PRODUCT_BUNDLE_IDENTIFIER = kabir.TippyUITests;
				PRODUCT_NAME = "$(TARGET_NAME)";
				SWIFT_EMIT_LOC_STRINGS = NO;
				SWIFT_VERSION = 5.0;
				TARGETED_DEVICE_FAMILY = "1,2";
				TEST_TARGET_NAME = Tippy;
			};
			name = Debug;
		};
		4882DD0C2A11CCD8000E8882 /* Release */ = {
			isa = XCBuildConfiguration;
			buildSettings = {
				ALWAYS_EMBED_SWIFT_STANDARD_LIBRARIES = YES;
				CODE_SIGN_STYLE = Automatic;
				CURRENT_PROJECT_VERSION = 1;
				DEVELOPMENT_TEAM = SBCRL8SBBK;
				GENERATE_INFOPLIST_FILE = YES;
				MARKETING_VERSION = 1.0;
				PRODUCT_BUNDLE_IDENTIFIER = kabir.TippyUITests;
				PRODUCT_NAME = "$(TARGET_NAME)";
				SWIFT_EMIT_LOC_STRINGS = NO;
				SWIFT_VERSION = 5.0;
				TARGETED_DEVICE_FAMILY = "1,2";
				TEST_TARGET_NAME = Tippy;
			};
			name = Release;
		};
		48CDC7092A1EA93E000EFCB1 /* Debug */ = {
			isa = XCBuildConfiguration;
			buildSettings = {
				CODE_SIGN_STYLE = Automatic;
				CURRENT_PROJECT_VERSION = 1;
				DEVELOPMENT_TEAM = SBCRL8SBBK;
				GENERATE_INFOPLIST_FILE = YES;
				IPHONEOS_DEPLOYMENT_TARGET = 16.4;
				MARKETING_VERSION = 1.0;
				PRODUCT_BUNDLE_IDENTIFIER = kabir.Screenshots;
				PRODUCT_NAME = "$(TARGET_NAME)";
				SWIFT_EMIT_LOC_STRINGS = NO;
				SWIFT_VERSION = 5.0;
				TARGETED_DEVICE_FAMILY = "1,2";
				TEST_TARGET_NAME = Tippy;
			};
			name = Debug;
		};
		48CDC70A2A1EA93E000EFCB1 /* Release */ = {
			isa = XCBuildConfiguration;
			buildSettings = {
				CODE_SIGN_STYLE = Automatic;
				CURRENT_PROJECT_VERSION = 1;
				DEVELOPMENT_TEAM = SBCRL8SBBK;
				GENERATE_INFOPLIST_FILE = YES;
				IPHONEOS_DEPLOYMENT_TARGET = 16.4;
				MARKETING_VERSION = 1.0;
				PRODUCT_BUNDLE_IDENTIFIER = kabir.Screenshots;
				PRODUCT_NAME = "$(TARGET_NAME)";
				SWIFT_EMIT_LOC_STRINGS = NO;
				SWIFT_VERSION = 5.0;
				TARGETED_DEVICE_FAMILY = "1,2";
				TEST_TARGET_NAME = Tippy;
			};
			name = Release;
		};
		48CDC71A2A1ECBAC000EFCB1 /* Debug */ = {
			isa = XCBuildConfiguration;
			buildSettings = {
				CODE_SIGN_STYLE = Automatic;
				CURRENT_PROJECT_VERSION = 1;
				DEVELOPMENT_TEAM = SBCRL8SBBK;
				GENERATE_INFOPLIST_FILE = YES;
				IPHONEOS_DEPLOYMENT_TARGET = 16.4;
				MARKETING_VERSION = 1.0;
				PRODUCT_BUNDLE_IDENTIFIER = kabir.TippyScreenshots;
				PRODUCT_NAME = "$(TARGET_NAME)";
				SWIFT_EMIT_LOC_STRINGS = NO;
				SWIFT_VERSION = 5.0;
				TARGETED_DEVICE_FAMILY = "1,2";
				TEST_TARGET_NAME = Tippy;
			};
			name = Debug;
		};
		48CDC71B2A1ECBAC000EFCB1 /* Release */ = {
			isa = XCBuildConfiguration;
			buildSettings = {
				CODE_SIGN_STYLE = Automatic;
				CURRENT_PROJECT_VERSION = 1;
				DEVELOPMENT_TEAM = SBCRL8SBBK;
				GENERATE_INFOPLIST_FILE = YES;
				IPHONEOS_DEPLOYMENT_TARGET = 16.4;
				MARKETING_VERSION = 1.0;
				PRODUCT_BUNDLE_IDENTIFIER = kabir.TippyScreenshots;
				PRODUCT_NAME = "$(TARGET_NAME)";
				SWIFT_EMIT_LOC_STRINGS = NO;
				SWIFT_VERSION = 5.0;
				TARGETED_DEVICE_FAMILY = "1,2";
				TEST_TARGET_NAME = Tippy;
			};
			name = Release;
		};
/* End XCBuildConfiguration section */

/* Begin XCConfigurationList section */
		4882DCDB2A11CCD6000E8882 /* Build configuration list for PBXProject "Tippy" */ = {
			isa = XCConfigurationList;
			buildConfigurations = (
				4882DD022A11CCD8000E8882 /* Debug */,
				4882DD032A11CCD8000E8882 /* Release */,
			);
			defaultConfigurationIsVisible = 0;
			defaultConfigurationName = Release;
		};
		4882DD042A11CCD8000E8882 /* Build configuration list for PBXNativeTarget "Tippy" */ = {
			isa = XCConfigurationList;
			buildConfigurations = (
				4882DD052A11CCD8000E8882 /* Debug */,
				4882DD062A11CCD8000E8882 /* Release */,
			);
			defaultConfigurationIsVisible = 0;
			defaultConfigurationName = Release;
		};
		4882DD072A11CCD8000E8882 /* Build configuration list for PBXNativeTarget "TippyTests" */ = {
			isa = XCConfigurationList;
			buildConfigurations = (
				4882DD082A11CCD8000E8882 /* Debug */,
				4882DD092A11CCD8000E8882 /* Release */,
			);
			defaultConfigurationIsVisible = 0;
			defaultConfigurationName = Release;
		};
		4882DD0A2A11CCD8000E8882 /* Build configuration list for PBXNativeTarget "TippyUITests" */ = {
			isa = XCConfigurationList;
			buildConfigurations = (
				4882DD0B2A11CCD8000E8882 /* Debug */,
				4882DD0C2A11CCD8000E8882 /* Release */,
			);
			defaultConfigurationIsVisible = 0;
			defaultConfigurationName = Release;
		};
		48CDC70B2A1EA93E000EFCB1 /* Build configuration list for PBXNativeTarget "Screenshots" */ = {
			isa = XCConfigurationList;
			buildConfigurations = (
				48CDC7092A1EA93E000EFCB1 /* Debug */,
				48CDC70A2A1EA93E000EFCB1 /* Release */,
			);
			defaultConfigurationIsVisible = 0;
			defaultConfigurationName = Release;
		};
		48CDC71C2A1ECBAC000EFCB1 /* Build configuration list for PBXNativeTarget "TippyScreenshots" */ = {
			isa = XCConfigurationList;
			buildConfigurations = (
				48CDC71A2A1ECBAC000EFCB1 /* Debug */,
				48CDC71B2A1ECBAC000EFCB1 /* Release */,
			);
			defaultConfigurationIsVisible = 0;
			defaultConfigurationName = Release;
		};
/* End XCConfigurationList section */

/* Begin XCVersionGroup section */
		48DE4E282A36E17B00BB3E98 /* SavedTip.xcdatamodeld */ = {
			isa = XCVersionGroup;
			children = (
				48DE4E292A36E17B00BB3E98 /* SavedTip.xcdatamodel */,
			);
			currentVersion = 48DE4E292A36E17B00BB3E98 /* SavedTip.xcdatamodel */;
			path = SavedTip.xcdatamodeld;
			sourceTree = "<group>";
			versionGroupType = wrapper.xcdatamodel;
		};
/* End XCVersionGroup section */
	};
	rootObject = 4882DCD82A11CCD6000E8882 /* Project object */;
}
